
Microsoft Visual Studio Solution File, Format Version 12.00
# Visual Studio Version 17
VisualStudioVersion = 17.5.002.0
MinimumVisualStudioVersion = 10.0.40219.1
Project("{9A19103F-16F7-4668-BE54-9A1E7A4F7556}") = "Blog", "Blog.csproj", "{01253AC8-DB6C-4CB1-9938-C03423F9174F}"
EndProject
Global
	GlobalSection(SolutionConfigurationPlatforms) = preSolution
		Debug|Any CPU = Debug|Any CPU
		Release|Any CPU = Release|Any CPU
	EndGlobalSection
	GlobalSection(ProjectConfigurationPlatforms) = postSolution
		{01253AC8-DB6C-4CB1-9938-C03423F9174F}.Debug|Any CPU.ActiveCfg = Debug|Any CPU
		{01253AC8-DB6C-4CB1-9938-C03423F9174F}.Debug|Any CPU.Build.0 = Debug|Any CPU
		{01253AC8-DB6C-4CB1-9938-C03423F9174F}.Release|Any CPU.ActiveCfg = Release|Any CPU
		{01253AC8-DB6C-4CB1-9938-C03423F9174F}.Release|Any CPU.Build.0 = Release|Any CPU
	EndGlobalSection
	GlobalSection(SolutionProperties) = preSolution
		HideSolutionNode = FALSE
	EndGlobalSection
	GlobalSection(ExtensibilityGlobals) = postSolution
		SolutionGuid = {8D338A86-0DB3-47D9-ACA0-65B5797FD416}
	EndGlobalSection
EndGlobal
