
Microsoft Visual Studio Solution File, Format Version 12.00
# Visual Studio Version 17
VisualStudioVersion = 17.5.002.0
MinimumVisualStudioVersion = 10.0.40219.1
Project("{9A19103F-16F7-4668-BE54-9A1E7A4F7556}") = "EditorHtml", "EditorHtml.csproj", "{A51C6BA0-CD11-45A9-92ED-F5EA34A21CBF}"
EndProject
Global
	GlobalSection(SolutionConfigurationPlatforms) = preSolution
		Debug|Any CPU = Debug|Any CPU
		Release|Any CPU = Release|Any CPU
	EndGlobalSection
	GlobalSection(ProjectConfigurationPlatforms) = postSolution
		{A51C6BA0-CD11-45A9-92ED-F5EA34A21CBF}.Debug|Any CPU.ActiveCfg = Debug|Any CPU
		{A51C6BA0-CD11-45A9-92ED-F5EA34A21CBF}.Debug|Any CPU.Build.0 = Debug|Any CPU
		{A51C6BA0-CD11-45A9-92ED-F5EA34A21CBF}.Release|Any CPU.ActiveCfg = Release|Any CPU
		{A51C6BA0-CD11-45A9-92ED-F5EA34A21CBF}.Release|Any CPU.Build.0 = Release|Any CPU
	EndGlobalSection
	GlobalSection(SolutionProperties) = preSolution
		HideSolutionNode = FALSE
	EndGlobalSection
	GlobalSection(ExtensibilityGlobals) = postSolution
		SolutionGuid = {FF6615DB-AD22-4FF3-9934-B1A6922911C3}
	EndGlobalSection
EndGlobal
