
Microsoft Visual Studio Solution File, Format Version 12.00
# Visual Studio Version 17
VisualStudioVersion = 17.5.002.0
MinimumVisualStudioVersion = 10.0.40219.1
Project("{9A19103F-16F7-4668-BE54-9A1E7A4F7556}") = "Balta", "Balta.csproj", "{959AACD9-189C-4AD2-B3C9-266A294C9724}"
EndProject
Global
	GlobalSection(SolutionConfigurationPlatforms) = preSolution
		Debug|Any CPU = Debug|Any CPU
		Release|Any CPU = Release|Any CPU
	EndGlobalSection
	GlobalSection(ProjectConfigurationPlatforms) = postSolution
		{959AACD9-189C-4AD2-B3C9-266A294C9724}.Debug|Any CPU.ActiveCfg = Debug|Any CPU
		{959AACD9-189C-4AD2-B3C9-266A294C9724}.Debug|Any CPU.Build.0 = Debug|Any CPU
		{959AACD9-189C-4AD2-B3C9-266A294C9724}.Release|Any CPU.ActiveCfg = Release|Any CPU
		{959AACD9-189C-4AD2-B3C9-266A294C9724}.Release|Any CPU.Build.0 = Release|Any CPU
	EndGlobalSection
	GlobalSection(SolutionProperties) = preSolution
		HideSolutionNode = FALSE
	EndGlobalSection
	GlobalSection(ExtensibilityGlobals) = postSolution
		SolutionGuid = {4737C4EF-8C73-46BB-A0B5-5750C653455B}
	EndGlobalSection
EndGlobal
